{
  "name": "5_2_beta_using",
  "version": "1.0.0",
  "lockfileVersion": 3,
  "requires": true,
  "packages": {
    "": {
      "name": "5_2_beta_using",
      "version": "1.0.0",
      "license": "ISC",
      "dependencies": {
        "@types/node": "^18.16.19",
        "core-js": "^3.31.0"
      },
      "devDependencies": {
        "prettier": "^3.0.0",
        "typescript": "^5.2.0-beta"
      }
    },
    "node_modules/@types/node": {
      "version": "18.16.19",
      "resolved": "https://registry.npmjs.org/@types/node/-/node-18.16.19.tgz",
      "integrity": "sha512-IXl7o+R9iti9eBW4Wg2hx1xQDig183jj7YLn8F7udNceyfkbn1ZxmzZXuak20gR40D7pIkIY1kYGx5VIGbaHKA=="
    },
    "node_modules/core-js": {
      "version": "3.31.0",
      "resolved": "https://registry.npmjs.org/core-js/-/core-js-3.31.0.tgz",
      "integrity": "sha512-NIp2TQSGfR6ba5aalZD+ZQ1fSxGhDo/s1w0nx3RYzf2pnJxt7YynxFlFScP6eV7+GZsKO95NSjGxyJsU3DZgeQ==",
      "hasInstallScript": true,
      "funding": {
        "type": "opencollective",
        "url": "https://opencollective.com/core-js"
      }
    },
    "node_modules/prettier": {
      "version": "3.0.0",
      "resolved": "https://registry.npmjs.org/prettier/-/prettier-3.0.0.tgz",
      "integrity": "sha512-zBf5eHpwHOGPC47h0zrPyNn+eAEIdEzfywMoYn2XPi0P44Zp0tSq64rq0xAREh4auw2cJZHo9QUob+NqCQky4g==",
      "dev": true,
      "bin": {
        "prettier": "bin/prettier.cjs"
      },
      "engines": {
        "node": ">=14"
      },
      "funding": {
        "url": "https://github.com/prettier/prettier?sponsor=1"
      }
    },
    "node_modules/typescript": {
      "version": "5.2.0-dev.20230705",
      "resolved": "https://registry.npmjs.org/typescript/-/typescript-5.2.0-dev.20230705.tgz",
      "integrity": "sha512-eMgfQ/e5CgYYSaduGhDc2UiY2EzzgrBMfHyagjUP70jj4VDCmLlIp1EftT5AMiLvNc7PYNCeziRFY5fBZhD9uA==",
      "dev": true,
      "bin": {
        "tsc": "bin/tsc",
        "tsserver": "bin/tsserver"
      },
      "engines": {
        "node": ">=14.17"
      }
    }
  }
}
